
Microsoft Visual Studio Solution File, Format Version 12.00
# Visual Studio Version 17
VisualStudioVersion = 17.13.35931.197 d17.13
MinimumVisualStudioVersion = 10.0.40219.1
Project("{FAE04EC0-301F-11D3-BF4B-00C04F79EFBC}") = "HotelSystem", "HotelSystem\HotelSystem.csproj", "{666AE505-1C99-4770-BBBF-F11CE077BDBB}"
EndProject
Global
	GlobalSection(SolutionConfigurationPlatforms) = preSolution
		Debug|Any CPU = Debug|Any CPU
		Release|Any CPU = Release|Any CPU
	EndGlobalSection
	GlobalSection(ProjectConfigurationPlatforms) = postSolution
		{666AE505-1C99-4770-BBBF-F11CE077BDBB}.Debug|Any CPU.ActiveCfg = Debug|Any CPU
		{666AE505-1C99-4770-BBBF-F11CE077BDBB}.Debug|Any CPU.Build.0 = Debug|Any CPU
		{666AE505-1C99-4770-BBBF-F11CE077BDBB}.Release|Any CPU.ActiveCfg = Release|Any CPU
		{666AE505-1C99-4770-BBBF-F11CE077BDBB}.Release|Any CPU.Build.0 = Release|Any CPU
	EndGlobalSection
	GlobalSection(SolutionProperties) = preSolution
		HideSolutionNode = FALSE
	EndGlobalSection
	GlobalSection(ExtensibilityGlobals) = postSolution
		SolutionGuid = {F573C237-AC54-4985-85EC-BF54B536F14B}
	EndGlobalSection
EndGlobal
